
Microsoft Visual Studio Solution File, Format Version 12.00
# Visual Studio Version 16
VisualStudioVersion = 16.0.31112.23
MinimumVisualStudioVersion = 10.0.40219.1
Project("{FAE04EC0-301F-11D3-BF4B-00C04F79EFBC}") = "RSA", "RSA\RSA.csproj", "{30056DBA-269C-4974-9839-416F10F47CDF}"
EndProject
Global
	GlobalSection(SolutionConfigurationPlatforms) = preSolution
		Debug|Any CPU = Debug|Any CPU
		Release|Any CPU = Release|Any CPU
	EndGlobalSection
	GlobalSection(ProjectConfigurationPlatforms) = postSolution
		{30056DBA-269C-4974-9839-416F10F47CDF}.Debug|Any CPU.ActiveCfg = Debug|Any CPU
		{30056DBA-269C-4974-9839-416F10F47CDF}.Debug|Any CPU.Build.0 = Debug|Any CPU
		{30056DBA-269C-4974-9839-416F10F47CDF}.Release|Any CPU.ActiveCfg = Release|Any CPU
		{30056DBA-269C-4974-9839-416F10F47CDF}.Release|Any CPU.Build.0 = Release|Any CPU
	EndGlobalSection
	GlobalSection(SolutionProperties) = preSolution
		HideSolutionNode = FALSE
	EndGlobalSection
	GlobalSection(ExtensibilityGlobals) = postSolution
		SolutionGuid = {1374DCAE-B61E-4EBA-9AD8-971B6D168B16}
	EndGlobalSection
EndGlobal
